
Microsoft Visual Studio Solution File, Format Version 12.00
# Visual Studio Version 16
VisualStudioVersion = 16.0.29503.13
MinimumVisualStudioVersion = 10.0.40219.1
Project("{FAE04EC0-301F-11D3-BF4B-00C04F79EFBC}") = "BSIPA Plugin (Full)", "BSIPA Plugin (Full)\BSIPA Plugin (Full).csproj", "{A9A679E8-92C9-47C6-BCC2-59F40AEA549E}"
EndProject
Project("{FAE04EC0-301F-11D3-BF4B-00C04F79EFBC}") = "BSIPA Plugin (Core)", "BSIPA Plugin (Core)\BSIPA Plugin (Core).csproj", "{FDD1EB88-E09B-4A1A-8269-1DA738930B5B}"
EndProject
Project("{FAE04EC0-301F-11D3-BF4B-00C04F79EFBC}") = "BSIPA Plugin (Disableable)", "BSIPA Plugin (Disableable)\BSIPA Plugin (Disableable).csproj", "{F87FD4E5-9CC9-4E02-B5BF-E8E65665375F}"
EndProject
Project("{FAE04EC0-301F-11D3-BF4B-00C04F79EFBC}") = "BSIPA Plugin (Bare)", "BSIPA Plugin (Bare)\BSIPA Plugin (Bare).csproj", "{F87FD4E5-9CC9-4E02-B5BF-E8E65665375E}"
EndProject
Project("{FAE04EC0-301F-11D3-BF4B-00C04F79EFBC}") = "BeatSaberModdingTools", "BeatSaberModdingTools\BeatSaberModdingTools.csproj", "{FF7C6FC3-AB29-449E-BA85-08E4653F9AAA}"
EndProject
Project("{FAE04EC0-301F-11D3-BF4B-00C04F79EFBC}") = "BSMT_Tests", "BSMT_Tests\BSMT_Tests.csproj", "{BC3DE8B2-EC66-47CD-A1F9-E04AA2788B08}"
EndProject
Project("{FAE04EC0-301F-11D3-BF4B-00C04F79EFBC}") = "MonoBehaviourTemplate", "MonoBehaviourTemplate\MonoBehaviourTemplate.csproj", "{5C93C6BF-74D3-41E9-A344-B1EC2FC70510}"
EndProject
Project("{FAE04EC0-301F-11D3-BF4B-00C04F79EFBC}") = "BSMLFileTemplate", "BSMLTemplate\BSMLFileTemplate.csproj", "{59658DC0-71DF-4344-A608-66B0B5E38838}"
EndProject
Project("{FAE04EC0-301F-11D3-BF4B-00C04F79EFBC}") = "BSMLViewControllerTemplate", "BSMLViewControllerTemplate\BSMLViewControllerTemplate.csproj", "{4B6E24D9-D390-46FB-8F72-50AB696AE846}"
EndProject
Project("{FAE04EC0-301F-11D3-BF4B-00C04F79EFBC}") = "HarmonyPatchItemTemplate", "HarmonyPatchItemTemplate\HarmonyPatchItemTemplate.csproj", "{4F53EFE0-47DC-4AA2-94BE-6BA7494EC042}"
EndProject
Project("{FAE04EC0-301F-11D3-BF4B-00C04F79EFBC}") = "BSIPA Manifest", "BSIPA Manifest\BSIPA Manifest.csproj", "{5187C807-6976-4B61-9435-9C4C93F4A0AD}"
EndProject
Project("{2150E333-8FDC-42A3-9474-1A3956D46DE8}") = "Solution Items", "Solution Items", "{ECB485B6-4CF0-4F61-BEEF-C305959BAB2B}"
	ProjectSection(SolutionItems) = preProject
		Directory.Build.targets = Directory.Build.targets
	EndProjectSection
EndProject
Global
	GlobalSection(SolutionConfigurationPlatforms) = preSolution
		Debug|Any CPU = Debug|Any CPU
		Release|Any CPU = Release|Any CPU
	EndGlobalSection
	GlobalSection(ProjectConfigurationPlatforms) = postSolution
		{A9A679E8-92C9-47C6-BCC2-59F40AEA549E}.Debug|Any CPU.ActiveCfg = Debug|Any CPU
		{A9A679E8-92C9-47C6-BCC2-59F40AEA549E}.Debug|Any CPU.Build.0 = Debug|Any CPU
		{A9A679E8-92C9-47C6-BCC2-59F40AEA549E}.Release|Any CPU.ActiveCfg = Release|Any CPU
		{A9A679E8-92C9-47C6-BCC2-59F40AEA549E}.Release|Any CPU.Build.0 = Release|Any CPU
		{FDD1EB88-E09B-4A1A-8269-1DA738930B5B}.Debug|Any CPU.ActiveCfg = Debug|Any CPU
		{FDD1EB88-E09B-4A1A-8269-1DA738930B5B}.Debug|Any CPU.Build.0 = Debug|Any CPU
		{FDD1EB88-E09B-4A1A-8269-1DA738930B5B}.Release|Any CPU.ActiveCfg = Release|Any CPU
		{FDD1EB88-E09B-4A1A-8269-1DA738930B5B}.Release|Any CPU.Build.0 = Release|Any CPU
		{F87FD4E5-9CC9-4E02-B5BF-E8E65665375F}.Debug|Any CPU.ActiveCfg = Debug|Any CPU
		{F87FD4E5-9CC9-4E02-B5BF-E8E65665375F}.Debug|Any CPU.Build.0 = Debug|Any CPU
		{F87FD4E5-9CC9-4E02-B5BF-E8E65665375F}.Release|Any CPU.ActiveCfg = Release|Any CPU
		{F87FD4E5-9CC9-4E02-B5BF-E8E65665375F}.Release|Any CPU.Build.0 = Release|Any CPU
		{F87FD4E5-9CC9-4E02-B5BF-E8E65665375E}.Debug|Any CPU.ActiveCfg = Debug|Any CPU
		{F87FD4E5-9CC9-4E02-B5BF-E8E65665375E}.Debug|Any CPU.Build.0 = Debug|Any CPU
		{F87FD4E5-9CC9-4E02-B5BF-E8E65665375E}.Release|Any CPU.ActiveCfg = Release|Any CPU
		{F87FD4E5-9CC9-4E02-B5BF-E8E65665375E}.Release|Any CPU.Build.0 = Release|Any CPU
		{FF7C6FC3-AB29-449E-BA85-08E4653F9AAA}.Debug|Any CPU.ActiveCfg = Debug|Any CPU
		{FF7C6FC3-AB29-449E-BA85-08E4653F9AAA}.Debug|Any CPU.Build.0 = Debug|Any CPU
		{FF7C6FC3-AB29-449E-BA85-08E4653F9AAA}.Release|Any CPU.ActiveCfg = Release|Any CPU
		{FF7C6FC3-AB29-449E-BA85-08E4653F9AAA}.Release|Any CPU.Build.0 = Release|Any CPU
		{BC3DE8B2-EC66-47CD-A1F9-E04AA2788B08}.Debug|Any CPU.ActiveCfg = Debug|Any CPU
		{BC3DE8B2-EC66-47CD-A1F9-E04AA2788B08}.Debug|Any CPU.Build.0 = Debug|Any CPU
		{BC3DE8B2-EC66-47CD-A1F9-E04AA2788B08}.Release|Any CPU.ActiveCfg = Release|Any CPU
		{BC3DE8B2-EC66-47CD-A1F9-E04AA2788B08}.Release|Any CPU.Build.0 = Release|Any CPU
		{5C93C6BF-74D3-41E9-A344-B1EC2FC70510}.Debug|Any CPU.ActiveCfg = Debug|Any CPU
		{5C93C6BF-74D3-41E9-A344-B1EC2FC70510}.Debug|Any CPU.Build.0 = Debug|Any CPU
		{5C93C6BF-74D3-41E9-A344-B1EC2FC70510}.Release|Any CPU.ActiveCfg = Release|Any CPU
		{5C93C6BF-74D3-41E9-A344-B1EC2FC70510}.Release|Any CPU.Build.0 = Release|Any CPU
		{59658DC0-71DF-4344-A608-66B0B5E38838}.Debug|Any CPU.ActiveCfg = Debug|Any CPU
		{59658DC0-71DF-4344-A608-66B0B5E38838}.Debug|Any CPU.Build.0 = Debug|Any CPU
		{59658DC0-71DF-4344-A608-66B0B5E38838}.Release|Any CPU.ActiveCfg = Release|Any CPU
		{59658DC0-71DF-4344-A608-66B0B5E38838}.Release|Any CPU.Build.0 = Release|Any CPU
		{4B6E24D9-D390-46FB-8F72-50AB696AE846}.Debug|Any CPU.ActiveCfg = Debug|Any CPU
		{4B6E24D9-D390-46FB-8F72-50AB696AE846}.Debug|Any CPU.Build.0 = Debug|Any CPU
		{4B6E24D9-D390-46FB-8F72-50AB696AE846}.Release|Any CPU.ActiveCfg = Release|Any CPU
		{4B6E24D9-D390-46FB-8F72-50AB696AE846}.Release|Any CPU.Build.0 = Release|Any CPU
		{4F53EFE0-47DC-4AA2-94BE-6BA7494EC042}.Debug|Any CPU.ActiveCfg = Debug|Any CPU
		{4F53EFE0-47DC-4AA2-94BE-6BA7494EC042}.Debug|Any CPU.Build.0 = Debug|Any CPU
		{4F53EFE0-47DC-4AA2-94BE-6BA7494EC042}.Release|Any CPU.ActiveCfg = Release|Any CPU
		{4F53EFE0-47DC-4AA2-94BE-6BA7494EC042}.Release|Any CPU.Build.0 = Release|Any CPU
		{5187C807-6976-4B61-9435-9C4C93F4A0AD}.Debug|Any CPU.ActiveCfg = Debug|Any CPU
		{5187C807-6976-4B61-9435-9C4C93F4A0AD}.Debug|Any CPU.Build.0 = Debug|Any CPU
		{5187C807-6976-4B61-9435-9C4C93F4A0AD}.Release|Any CPU.ActiveCfg = Release|Any CPU
		{5187C807-6976-4B61-9435-9C4C93F4A0AD}.Release|Any CPU.Build.0 = Release|Any CPU
	EndGlobalSection
	GlobalSection(SolutionProperties) = preSolution
		HideSolutionNode = FALSE
	EndGlobalSection
	GlobalSection(ExtensibilityGlobals) = postSolution
		SolutionGuid = {DED5D638-9BB3-4B39-88FE-BBB3E7193999}
	EndGlobalSection
EndGlobal
